github.com/adilahmed31/hugo-theme-sam v0.0.0-20221116214600-3e4c3c419bda h1:Nmg3AgUzP0g8GULxFAv0I5DU2gIWVPNWRzX5V7rXNsQ=
github.com/adilahmed31/hugo-theme-sam v0.0.0-20221116214600-3e4c3c419bda/go.mod h1:3xzn18swWZGSq61sTzZjSKow+YNG4Ur0fLC1TxWUt30=
github.com/victoriadrake/hugo-theme-sam v4.0.2+incompatible h1:dGd52IdwinWW8EK+Lq8zUrTrHZefF4FJjjX977XxdE0=
github.com/victoriadrake/hugo-theme-sam v4.0.2+incompatible/go.mod h1:JJt8S2FbZpLY5upNn1OfaGbKDkyJJpSAVLpLm8PrDdQ=
